
Microsoft Visual Studio Solution File, Format Version 12.00
# Visual Studio Version 17
VisualStudioVersion = 17.12.35527.113
MinimumVisualStudioVersion = 10.0.40219.1
Project("{FAE04EC0-301F-11D3-BF4B-00C04F79EFBC}") = "Assingment_2", "Assingment_2.csproj", "{042DD11C-4086-4B3B-BA6C-3B05B01DD8CA}"
EndProject
Project("{FAE04EC0-301F-11D3-BF4B-00C04F79EFBC}") = "Class3_Demo", "..\Class3_Demo\Class3_Demo.csproj", "{EC21C7A3-A863-4433-9A5B-79498CFE822A}"
EndProject
Project("{2150E333-8FDC-42A3-9474-1A3956D46DE8}") = "Problems", "Problems", "{4E6C07AD-DE23-4BC6-8DB2-1F3265FC3C0A}"
EndProject
Project("{FAE04EC0-301F-11D3-BF4B-00C04F79EFBC}") = "Car Rental", "..\Car Rental\Car Rental.csproj", "{C51E2280-7D5A-4E5D-8261-FEEBDDE2188D}"
EndProject
Global
	GlobalSection(SolutionConfigurationPlatforms) = preSolution
		Debug|Any CPU = Debug|Any CPU
		Release|Any CPU = Release|Any CPU
	EndGlobalSection
	GlobalSection(ProjectConfigurationPlatforms) = postSolution
		{042DD11C-4086-4B3B-BA6C-3B05B01DD8CA}.Debug|Any CPU.ActiveCfg = Debug|Any CPU
		{042DD11C-4086-4B3B-BA6C-3B05B01DD8CA}.Debug|Any CPU.Build.0 = Debug|Any CPU
		{042DD11C-4086-4B3B-BA6C-3B05B01DD8CA}.Release|Any CPU.ActiveCfg = Release|Any CPU
		{042DD11C-4086-4B3B-BA6C-3B05B01DD8CA}.Release|Any CPU.Build.0 = Release|Any CPU
		{EC21C7A3-A863-4433-9A5B-79498CFE822A}.Debug|Any CPU.ActiveCfg = Debug|Any CPU
		{EC21C7A3-A863-4433-9A5B-79498CFE822A}.Debug|Any CPU.Build.0 = Debug|Any CPU
		{EC21C7A3-A863-4433-9A5B-79498CFE822A}.Release|Any CPU.ActiveCfg = Release|Any CPU
		{EC21C7A3-A863-4433-9A5B-79498CFE822A}.Release|Any CPU.Build.0 = Release|Any CPU
		{C51E2280-7D5A-4E5D-8261-FEEBDDE2188D}.Debug|Any CPU.ActiveCfg = Debug|Any CPU
		{C51E2280-7D5A-4E5D-8261-FEEBDDE2188D}.Debug|Any CPU.Build.0 = Debug|Any CPU
		{C51E2280-7D5A-4E5D-8261-FEEBDDE2188D}.Release|Any CPU.ActiveCfg = Release|Any CPU
		{C51E2280-7D5A-4E5D-8261-FEEBDDE2188D}.Release|Any CPU.Build.0 = Release|Any CPU
	EndGlobalSection
	GlobalSection(SolutionProperties) = preSolution
		HideSolutionNode = FALSE
	EndGlobalSection
	GlobalSection(NestedProjects) = preSolution
		{C51E2280-7D5A-4E5D-8261-FEEBDDE2188D} = {4E6C07AD-DE23-4BC6-8DB2-1F3265FC3C0A}
	EndGlobalSection
EndGlobal
